
Microsoft Visual Studio Solution File, Format Version 12.00
# Visual Studio Version 17
VisualStudioVersion = 17.7.34009.444
MinimumVisualStudioVersion = 10.0.40219.1
Project("{9A19103F-16F7-4668-BE54-9A1E7A4F7556}") = "Vb-Api", "Vb-Api.csproj", "{B750736F-CEFC-4CC7-AF2B-F066EF0B3B13}"
EndProject
Project("{9A19103F-16F7-4668-BE54-9A1E7A4F7556}") = "Vb-Data", "..\Vb-Data\Vb-Data.csproj", "{1847AA02-9636-4D21-A559-6F4D1ABB3BD0}"
EndProject
Project("{9A19103F-16F7-4668-BE54-9A1E7A4F7556}") = "Vb-DTO", "..\Vb-DTO\Vb-DTO.csproj", "{9FBE49DB-E9DB-496C-A0FB-6FDB684E3E45}"
EndProject
Project("{9A19103F-16F7-4668-BE54-9A1E7A4F7556}") = "Vb-Base", "..\Vb-Base\Vb-Base.csproj", "{9B8687CD-60B3-4786-95EB-4855C7CED4EB}"
EndProject
Project("{9A19103F-16F7-4668-BE54-9A1E7A4F7556}") = "Vb-Operation", "..\Vb-Operation\Vb-Operation.csproj", "{37060089-6A48-4643-91B3-4A9D5DA199AB}"
EndProject
Global
	GlobalSection(SolutionConfigurationPlatforms) = preSolution
		Debug|Any CPU = Debug|Any CPU
		Release|Any CPU = Release|Any CPU
	EndGlobalSection
	GlobalSection(ProjectConfigurationPlatforms) = postSolution
		{B750736F-CEFC-4CC7-AF2B-F066EF0B3B13}.Debug|Any CPU.ActiveCfg = Debug|Any CPU
		{B750736F-CEFC-4CC7-AF2B-F066EF0B3B13}.Debug|Any CPU.Build.0 = Debug|Any CPU
		{B750736F-CEFC-4CC7-AF2B-F066EF0B3B13}.Release|Any CPU.ActiveCfg = Release|Any CPU
		{B750736F-CEFC-4CC7-AF2B-F066EF0B3B13}.Release|Any CPU.Build.0 = Release|Any CPU
		{1847AA02-9636-4D21-A559-6F4D1ABB3BD0}.Debug|Any CPU.ActiveCfg = Debug|Any CPU
		{1847AA02-9636-4D21-A559-6F4D1ABB3BD0}.Debug|Any CPU.Build.0 = Debug|Any CPU
		{1847AA02-9636-4D21-A559-6F4D1ABB3BD0}.Release|Any CPU.ActiveCfg = Release|Any CPU
		{1847AA02-9636-4D21-A559-6F4D1ABB3BD0}.Release|Any CPU.Build.0 = Release|Any CPU
		{9FBE49DB-E9DB-496C-A0FB-6FDB684E3E45}.Debug|Any CPU.ActiveCfg = Debug|Any CPU
		{9FBE49DB-E9DB-496C-A0FB-6FDB684E3E45}.Debug|Any CPU.Build.0 = Debug|Any CPU
		{9FBE49DB-E9DB-496C-A0FB-6FDB684E3E45}.Release|Any CPU.ActiveCfg = Release|Any CPU
		{9FBE49DB-E9DB-496C-A0FB-6FDB684E3E45}.Release|Any CPU.Build.0 = Release|Any CPU
		{9B8687CD-60B3-4786-95EB-4855C7CED4EB}.Debug|Any CPU.ActiveCfg = Debug|Any CPU
		{9B8687CD-60B3-4786-95EB-4855C7CED4EB}.Debug|Any CPU.Build.0 = Debug|Any CPU
		{9B8687CD-60B3-4786-95EB-4855C7CED4EB}.Release|Any CPU.ActiveCfg = Release|Any CPU
		{9B8687CD-60B3-4786-95EB-4855C7CED4EB}.Release|Any CPU.Build.0 = Release|Any CPU
		{37060089-6A48-4643-91B3-4A9D5DA199AB}.Debug|Any CPU.ActiveCfg = Debug|Any CPU
		{37060089-6A48-4643-91B3-4A9D5DA199AB}.Debug|Any CPU.Build.0 = Debug|Any CPU
		{37060089-6A48-4643-91B3-4A9D5DA199AB}.Release|Any CPU.ActiveCfg = Release|Any CPU
		{37060089-6A48-4643-91B3-4A9D5DA199AB}.Release|Any CPU.Build.0 = Release|Any CPU
	EndGlobalSection
	GlobalSection(SolutionProperties) = preSolution
		HideSolutionNode = FALSE
	EndGlobalSection
	GlobalSection(ExtensibilityGlobals) = postSolution
		SolutionGuid = {80555A84-9E46-4DE3-AE99-C5028E8BEDBB}
	EndGlobalSection
EndGlobal
